// !$*UTF8*$!
{
	archiveVersion = 1;
	classes = {
	};
	objectVersion = 46;
	objects = {

/* Begin PBXBuildFile section */
		18FE292E1BE8745D009CF358 /* AppDelegate.swift in Sources */ = {isa = PBXBuildFile; fileRef = 18FE292D1BE8745D009CF358 /* AppDelegate.swift */; };
		18FE29301BE8745D009CF358 /* ViewController.swift in Sources */ = {isa = PBXBuildFile; fileRef = 18FE292F1BE8745D009CF358 /* ViewController.swift */; };
		18FE29331BE8745D009CF358 /* Main.storyboard in Resources */ = {isa = PBXBuildFile; fileRef = 18FE29311BE8745D009CF358 /* Main.storyboard */; };
		18FE29351BE8745D009CF358 /* Assets.xcassets in Resources */ = {isa = PBXBuildFile; fileRef = 18FE29341BE8745D009CF358 /* Assets.xcassets */; };
		18FE29381BE8745D009CF358 /* LaunchScreen.storyboard in Resources */ = {isa = PBXBuildFile; fileRef = 18FE29361BE8745D009CF358 /* LaunchScreen.storyboard */; };
		18FE29461BE87554009CF358 /* sudden_epik.mp3 in Resources */ = {isa = PBXBuildFile; fileRef = 18FE29401BE87554009CF358 /* sudden_epik.mp3 */; };
		18FE29471BE87554009CF358 /* digivice_sound_chat.mp3 in Resources */ = {isa = PBXBuildFile; fileRef = 18FE29411BE87554009CF358 /* digivice_sound_chat.mp3 */; };
		18FE29481BE87554009CF358 /* chrome_horn.mp3 in Resources */ = {isa = PBXBuildFile; fileRef = 18FE29421BE87554009CF358 /* chrome_horn.mp3 */; };
		18FE29491BE87554009CF358 /* stone_horn.mp3 in Resources */ = {isa = PBXBuildFile; fileRef = 18FE29431BE87554009CF358 /* stone_horn.mp3 */; };
		18FE294A1BE87554009CF358 /* wicked_horn.mp3 in Resources */ = {isa = PBXBuildFile; fileRef = 18FE29441BE87554009CF358 /* wicked_horn.mp3 */; };
		18FE294B1BE87554009CF358 /* uh_oh_forum_alert.mp3 in Resources */ = {isa = PBXBuildFile; fileRef = 18FE29451BE87554009CF358 /* uh_oh_forum_alert.mp3 */; };
/* End PBXBuildFile section */

/* Begin PBXFileReference section */
		18FE292A1BE8745D009CF358 /* Shake it.app */ = {isa = PBXFileReference; explicitFileType = wrapper.application; includeInIndex = 0; path = "Shake it.app"; sourceTree = BUILT_PRODUCTS_DIR; };
		18FE292D1BE8745D009CF358 /* AppDelegate.swift */ = {isa = PBXFileReference; lastKnownFileType = sourcecode.swift; path = AppDelegate.swift; sourceTree = "<group>"; };
		18FE292F1BE8745D009CF358 /* ViewController.swift */ = {isa = PBXFileReference; lastKnownFileType = sourcecode.swift; path = ViewController.swift; sourceTree = "<group>"; };
		18FE29321BE8745D009CF358 /* Base */ = {isa = PBXFileReference; lastKnownFileType = file.storyboard; name = Base; path = Base.lproj/Main.storyboard; sourceTree = "<group>"; };
		18FE29341BE8745D009CF358 /* Assets.xcassets */ = {isa = PBXFileReference; lastKnownFileType = folder.assetcatalog; path = Assets.xcassets; sourceTree = "<group>"; };
		18FE29371BE8745D009CF358 /* Base */ = {isa = PBXFileReference; lastKnownFileType = file.storyboard; name = Base; path = Base.lproj/LaunchScreen.storyboard; sourceTree = "<group>"; };
		18FE29391BE8745D009CF358 /* Info.plist */ = {isa = PBXFileReference; lastKnownFileType = text.plist.xml; path = Info.plist; sourceTree = "<group>"; };
		18FE29401BE87554009CF358 /* sudden_epik.mp3 */ = {isa = PBXFileReference; lastKnownFileType = audio.mp3; path = sudden_epik.mp3; sourceTree = "<group>"; };
		18FE29411BE87554009CF358 /* digivice_sound_chat.mp3 */ = {isa = PBXFileReference; lastKnownFileType = audio.mp3; path = digivice_sound_chat.mp3; sourceTree = "<group>"; };
		18FE29421BE87554009CF358 /* chrome_horn.mp3 */ = {isa = PBXFileReference; lastKnownFileType = audio.mp3; path = chrome_horn.mp3; sourceTree = "<group>"; };
		18FE29431BE87554009CF358 /* stone_horn.mp3 */ = {isa = PBXFileReference; lastKnownFileType = audio.mp3; path = stone_horn.mp3; sourceTree = "<group>"; };
		18FE29441BE87554009CF358 /* wicked_horn.mp3 */ = {isa = PBXFileReference; lastKnownFileType = audio.mp3; path = wicked_horn.mp3; sourceTree = "<group>"; };
		18FE29451BE87554009CF358 /* uh_oh_forum_alert.mp3 */ = {isa = PBXFileReference; lastKnownFileType = audio.mp3; path = uh_oh_forum_alert.mp3; sourceTree = "<group>"; };
/* End PBXFileReference section */

/* Begin PBXFrameworksBuildPhase section */
		18FE29271BE8745D009CF358 /* Frameworks */ = {
			isa = PBXFrameworksBuildPhase;
			buildActionMask = 2147483647;
			files = (
			);
			runOnlyForDeploymentPostprocessing = 0;
		};
/* End PBXFrameworksBuildPhase section */

/* Begin PBXGroup section */
		18FE29211BE8745D009CF358 = {
			isa = PBXGroup;
			children = (
				18FE292C1BE8745D009CF358 /* Shake it */,
				18FE292B1BE8745D009CF358 /* Products */,
			);
			sourceTree = "<group>";
		};
		18FE292B1BE8745D009CF358 /* Products */ = {
			isa = PBXGroup;
			children = (
				18FE292A1BE8745D009CF358 /* Shake it.app */,
			);
			name = Products;
			sourceTree = "<group>";
		};
		18FE292C1BE8745D009CF358 /* Shake it */ = {
			isa = PBXGroup;
			children = (
				18FE292D1BE8745D009CF358 /* AppDelegate.swift */,
				18FE292F1BE8745D009CF358 /* ViewController.swift */,
				18FE29311BE8745D009CF358 /* Main.storyboard */,
				18FE29341BE8745D009CF358 /* Assets.xcassets */,
				18FE293F1BE874CE009CF358 /* Sounds */,
				18FE29361BE8745D009CF358 /* LaunchScreen.storyboard */,
				18FE29391BE8745D009CF358 /* Info.plist */,
			);
			path = "Shake it";
			sourceTree = "<group>";
		};
		18FE293F1BE874CE009CF358 /* Sounds */ = {
			isa = PBXGroup;
			children = (
				18FE29401BE87554009CF358 /* sudden_epik.mp3 */,
				18FE29411BE87554009CF358 /* digivice_sound_chat.mp3 */,
				18FE29421BE87554009CF358 /* chrome_horn.mp3 */,
				18FE29431BE87554009CF358 /* stone_horn.mp3 */,
				18FE29441BE87554009CF358 /* wicked_horn.mp3 */,
				18FE29451BE87554009CF358 /* uh_oh_forum_alert.mp3 */,
			);
			name = Sounds;
			sourceTree = "<group>";
		};
/* End PBXGroup section */

/* Begin PBXNativeTarget section */
		18FE29291BE8745D009CF358 /* Shake it */ = {
			isa = PBXNativeTarget;
			buildConfigurationList = 18FE293C1BE8745D009CF358 /* Build configuration list for PBXNativeTarget "Shake it" */;
			buildPhases = (
				18FE29261BE8745D009CF358 /* Sources */,
				18FE29271BE8745D009CF358 /* Frameworks */,
				18FE29281BE8745D009CF358 /* Resources */,
			);
			buildRules = (
			);
			dependencies = (
			);
			name = "Shake it";
			productName = "Shake it";
			productReference = 18FE292A1BE8745D009CF358 /* Shake it.app */;
			productType = "com.apple.product-type.application";
		};
/* End PBXNativeTarget section */

/* Begin PBXProject section */
		18FE29221BE8745D009CF358 /* Project object */ = {
			isa = PBXProject;
			attributes = {
				LastSwiftUpdateCheck = 0710;
				LastUpgradeCheck = 0710;
				ORGANIZATIONNAME = Pslim;
				TargetAttributes = {
					18FE29291BE8745D009CF358 = {
						CreatedOnToolsVersion = 7.1;
					};
				};
			};
			buildConfigurationList = 18FE29251BE8745D009CF358 /* Build configuration list for PBXProject "Shake it" */;
			compatibilityVersion = "Xcode 3.2";
			developmentRegion = English;
			hasScannedForEncodings = 0;
			knownRegions = (
				en,
				Base,
			);
			mainGroup = 18FE29211BE8745D009CF358;
			productRefGroup = 18FE292B1BE8745D009CF358 /* Products */;
			projectDirPath = "";
			projectRoot = "";
			targets = (
				18FE29291BE8745D009CF358 /* Shake it */,
			);
		};
/* End PBXProject section */

/* Begin PBXResourcesBuildPhase section */
		18FE29281BE8745D009CF358 /* Resources */ = {
			isa = PBXResourcesBuildPhase;
			buildActionMask = 2147483647;
			files = (
				18FE29461BE87554009CF358 /* sudden_epik.mp3 in Resources */,
				18FE29481BE87554009CF358 /* chrome_horn.mp3 in Resources */,
				18FE294A1BE87554009CF358 /* wicked_horn.mp3 in Resources */,
				18FE29381BE8745D009CF358 /* LaunchScreen.storyboard in Resources */,
				18FE294B1BE87554009CF358 /* uh_oh_forum_alert.mp3 in Resources */,
				18FE29351BE8745D009CF358 /* Assets.xcassets in Resources */,
				18FE29331BE8745D009CF358 /* Main.storyboard in Resources */,
				18FE29471BE87554009CF358 /* digivice_sound_chat.mp3 in Resources */,
				18FE29491BE87554009CF358 /* stone_horn.mp3 in Resources */,
			);
			runOnlyForDeploymentPostprocessing = 0;
		};
/* End PBXResourcesBuildPhase section */

/* Begin PBXSourcesBuildPhase section */
		18FE29261BE8745D009CF358 /* Sources */ = {
			isa = PBXSourcesBuildPhase;
			buildActionMask = 2147483647;
			files = (
				18FE29301BE8745D009CF358 /* ViewController.swift in Sources */,
				18FE292E1BE8745D009CF358 /* AppDelegate.swift in Sources */,
			);
			runOnlyForDeploymentPostprocessing = 0;
		};
/* End PBXSourcesBuildPhase section */

/* Begin PBXVariantGroup section */
		18FE29311BE8745D009CF358 /* Main.storyboard */ = {
			isa = PBXVariantGroup;
			children = (
				18FE29321BE8745D009CF358 /* Base */,
			);
			name = Main.storyboard;
			sourceTree = "<group>";
		};
		18FE29361BE8745D009CF358 /* LaunchScreen.storyboard */ = {
			isa = PBXVariantGroup;
			children = (
				18FE29371BE8745D009CF358 /* Base */,
			);
			name = LaunchScreen.storyboard;
			sourceTree = "<group>";
		};
/* End PBXVariantGroup section */

/* Begin XCBuildConfiguration section */
		18FE293A1BE8745D009CF358 /* Debug */ = {
			isa = XCBuildConfiguration;
			buildSettings = {
				ALWAYS_SEARCH_USER_PATHS = NO;
				CLANG_CXX_LANGUAGE_STANDARD = "gnu++0x";
				CLANG_CXX_LIBRARY = "libc++";
				CLANG_ENABLE_MODULES = YES;
				CLANG_ENABLE_OBJC_ARC = YES;
				CLANG_WARN_BOOL_CONVERSION = YES;
				CLANG_WARN_CONSTANT_CONVERSION = YES;
				CLANG_WARN_DIRECT_OBJC_ISA_USAGE = YES_ERROR;
				CLANG_WARN_EMPTY_BODY = YES;
				CLANG_WARN_ENUM_CONVERSION = YES;
				CLANG_WARN_INT_CONVERSION = YES;
				CLANG_WARN_OBJC_ROOT_CLASS = YES_ERROR;
				CLANG_WARN_UNREACHABLE_CODE = YES;
				CLANG_WARN__DUPLICATE_METHOD_MATCH = YES;
				"CODE_SIGN_IDENTITY[sdk=iphoneos*]" = "iPhone Developer";
				COPY_PHASE_STRIP = NO;
				DEBUG_INFORMATION_FORMAT = dwarf;
				ENABLE_STRICT_OBJC_MSGSEND = YES;
				ENABLE_TESTABILITY = YES;
				GCC_C_LANGUAGE_STANDARD = gnu99;
				GCC_DYNAMIC_NO_PIC = NO;
				GCC_NO_COMMON_BLOCKS = YES;
				GCC_OPTIMIZATION_LEVEL = 0;
				GCC_PREPROCESSOR_DEFINITIONS = (
					"DEBUG=1",
					"$(inherited)",
				);
				GCC_WARN_64_TO_32_BIT_CONVERSION = YES;
				GCC_WARN_ABOUT_RETURN_TYPE = YES_ERROR;
				GCC_WARN_UNDECLARED_SELECTOR = YES;
				GCC_WARN_UNINITIALIZED_AUTOS = YES_AGGRESSIVE;
				GCC_WARN_UNUSED_FUNCTION = YES;
				GCC_WARN_UNUSED_VARIABLE = YES;
				IPHONEOS_DEPLOYMENT_TARGET = 9.1;
				MTL_ENABLE_DEBUG_INFO = YES;
				ONLY_ACTIVE_ARCH = YES;
				SDKROOT = iphoneos;
				SWIFT_OPTIMIZATION_LEVEL = "-Onone";
			};
			name = Debug;
		};
		18FE293B1BE8745D009CF358 /* Release */ = {
			isa = XCBuildConfiguration;
			buildSettings = {
				ALWAYS_SEARCH_USER_PATHS = NO;
				CLANG_CXX_LANGUAGE_STANDARD = "gnu++0x";
				CLANG_CXX_LIBRARY = "libc++";
				CLANG_ENABLE_MODULES = YES;
				CLANG_ENABLE_OBJC_ARC = YES;
				CLANG_WARN_BOOL_CONVERSION = YES;
				CLANG_WARN_CONSTANT_CONVERSION = YES;
				CLANG_WARN_DIRECT_OBJC_ISA_USAGE = YES_ERROR;
				CLANG_WARN_EMPTY_BODY = YES;
				CLANG_WARN_ENUM_CONVERSION = YES;
				CLANG_WARN_INT_CONVERSION = YES;
				CLANG_WARN_OBJC_ROOT_CLASS = YES_ERROR;
				CLANG_WARN_UNREACHABLE_CODE = YES;
				CLANG_WARN__DUPLICATE_METHOD_MATCH = YES;
				"CODE_SIGN_IDENTITY[sdk=iphoneos*]" = "iPhone Developer";
				COPY_PHASE_STRIP = NO;
				DEBUG_INFORMATION_FORMAT = "dwarf-with-dsym";
				ENABLE_NS_ASSERTIONS = NO;
				ENABLE_STRICT_OBJC_MSGSEND = YES;
				GCC_C_LANGUAGE_STANDARD = gnu99;
				GCC_NO_COMMON_BLOCKS = YES;
				GCC_WARN_64_TO_32_BIT_CONVERSION = YES;
				GCC_WARN_ABOUT_RETURN_TYPE = YES_ERROR;
				GCC_WARN_UNDECLARED_SELECTOR = YES;
				GCC_WARN_UNINITIALIZED_AUTOS = YES_AGGRESSIVE;
				GCC_WARN_UNUSED_FUNCTION = YES;
				GCC_WARN_UNUSED_VARIABLE = YES;
				IPHONEOS_DEPLOYMENT_TARGET = 9.1;
				MTL_ENABLE_DEBUG_INFO = NO;
				SDKROOT = iphoneos;
				VALIDATE_PRODUCT = YES;
			};
			name = Release;
		};
		18FE293D1BE8745D009CF358 /* Debug */ = {
			isa = XCBuildConfiguration;
			buildSettings = {
				ASSETCATALOG_COMPILER_APPICON_NAME = AppIcon;
				INFOPLIST_FILE = "Shake it/Info.plist";
				LD_RUNPATH_SEARCH_PATHS = "$(inherited) @executable_path/Frameworks";
				PRODUCT_BUNDLE_IDENTIFIER = "com.pslim.Shake-it";
				PRODUCT_NAME = "$(TARGET_NAME)";
			};
			name = Debug;
		};
		18FE293E1BE8745D009CF358 /* Release */ = {
			isa = XCBuildConfiguration;
			buildSettings = {
				ASSETCATALOG_COMPILER_APPICON_NAME = AppIcon;
				INFOPLIST_FILE = "Shake it/Info.plist";
				LD_RUNPATH_SEARCH_PATHS = "$(inherited) @executable_path/Frameworks";
				PRODUCT_BUNDLE_IDENTIFIER = "com.pslim.Shake-it";
				PRODUCT_NAME = "$(TARGET_NAME)";
			};
			name = Release;
		};
/* End XCBuildConfiguration section */

/* Begin XCConfigurationList section */
		18FE29251BE8745D009CF358 /* Build configuration list for PBXProject "Shake it" */ = {
			isa = XCConfigurationList;
			buildConfigurations = (
				18FE293A1BE8745D009CF358 /* Debug */,
				18FE293B1BE8745D009CF358 /* Release */,
			);
			defaultConfigurationIsVisible = 0;
			defaultConfigurationName = Release;
		};
		18FE293C1BE8745D009CF358 /* Build configuration list for PBXNativeTarget "Shake it" */ = {
			isa = XCConfigurationList;
			buildConfigurations = (
				18FE293D1BE8745D009CF358 /* Debug */,
				18FE293E1BE8745D009CF358 /* Release */,
			);
			defaultConfigurationIsVisible = 0;
		};
/* End XCConfigurationList section */
	};
	rootObject = 18FE29221BE8745D009CF358 /* Project object */;
}
