// !$*UTF8*$!
{
	archiveVersion = 1;
	classes = {
	};
	objectVersion = 46;
	objects = {

/* Begin PBXBuildFile section */
		1868115A1BFC44B800FC9683 /* AppDelegate.swift in Sources */ = {isa = PBXBuildFile; fileRef = 186811591BFC44B800FC9683 /* AppDelegate.swift */; };
		1868115C1BFC44B800FC9683 /* ViewController.swift in Sources */ = {isa = PBXBuildFile; fileRef = 1868115B1BFC44B800FC9683 /* ViewController.swift */; };
		1868115F1BFC44B800FC9683 /* Main.storyboard in Resources */ = {isa = PBXBuildFile; fileRef = 1868115D1BFC44B800FC9683 /* Main.storyboard */; };
		186811621BFC44B800FC9683 /* Downloading_An_Image_From_The_Web.xcdatamodeld in Sources */ = {isa = PBXBuildFile; fileRef = 186811601BFC44B800FC9683 /* Downloading_An_Image_From_The_Web.xcdatamodeld */; };
		186811641BFC44B800FC9683 /* Assets.xcassets in Resources */ = {isa = PBXBuildFile; fileRef = 186811631BFC44B800FC9683 /* Assets.xcassets */; };
		186811671BFC44B800FC9683 /* LaunchScreen.storyboard in Resources */ = {isa = PBXBuildFile; fileRef = 186811651BFC44B800FC9683 /* LaunchScreen.storyboard */; };
/* End PBXBuildFile section */

/* Begin PBXFileReference section */
		186811561BFC44B800FC9683 /* Downloading An Image From The Web.app */ = {isa = PBXFileReference; explicitFileType = wrapper.application; includeInIndex = 0; path = "Downloading An Image From The Web.app"; sourceTree = BUILT_PRODUCTS_DIR; };
		186811591BFC44B800FC9683 /* AppDelegate.swift */ = {isa = PBXFileReference; lastKnownFileType = sourcecode.swift; path = AppDelegate.swift; sourceTree = "<group>"; };
		1868115B1BFC44B800FC9683 /* ViewController.swift */ = {isa = PBXFileReference; lastKnownFileType = sourcecode.swift; path = ViewController.swift; sourceTree = "<group>"; };
		1868115E1BFC44B800FC9683 /* Base */ = {isa = PBXFileReference; lastKnownFileType = file.storyboard; name = Base; path = Base.lproj/Main.storyboard; sourceTree = "<group>"; };
		186811611BFC44B800FC9683 /* Downloading_An_Image_From_The_Web.xcdatamodel */ = {isa = PBXFileReference; lastKnownFileType = wrapper.xcdatamodel; path = Downloading_An_Image_From_The_Web.xcdatamodel; sourceTree = "<group>"; };
		186811631BFC44B800FC9683 /* Assets.xcassets */ = {isa = PBXFileReference; lastKnownFileType = folder.assetcatalog; path = Assets.xcassets; sourceTree = "<group>"; };
		186811661BFC44B800FC9683 /* Base */ = {isa = PBXFileReference; lastKnownFileType = file.storyboard; name = Base; path = Base.lproj/LaunchScreen.storyboard; sourceTree = "<group>"; };
		186811681BFC44B800FC9683 /* Info.plist */ = {isa = PBXFileReference; lastKnownFileType = text.plist.xml; path = Info.plist; sourceTree = "<group>"; };
/* End PBXFileReference section */

/* Begin PBXFrameworksBuildPhase section */
		186811531BFC44B800FC9683 /* Frameworks */ = {
			isa = PBXFrameworksBuildPhase;
			buildActionMask = 2147483647;
			files = (
			);
			runOnlyForDeploymentPostprocessing = 0;
		};
/* End PBXFrameworksBuildPhase section */

/* Begin PBXGroup section */
		1868114D1BFC44B800FC9683 = {
			isa = PBXGroup;
			children = (
				186811581BFC44B800FC9683 /* Downloading An Image From The Web */,
				186811571BFC44B800FC9683 /* Products */,
			);
			sourceTree = "<group>";
		};
		186811571BFC44B800FC9683 /* Products */ = {
			isa = PBXGroup;
			children = (
				186811561BFC44B800FC9683 /* Downloading An Image From The Web.app */,
			);
			name = Products;
			sourceTree = "<group>";
		};
		186811581BFC44B800FC9683 /* Downloading An Image From The Web */ = {
			isa = PBXGroup;
			children = (
				186811591BFC44B800FC9683 /* AppDelegate.swift */,
				1868115B1BFC44B800FC9683 /* ViewController.swift */,
				1868115D1BFC44B800FC9683 /* Main.storyboard */,
				186811631BFC44B800FC9683 /* Assets.xcassets */,
				186811651BFC44B800FC9683 /* LaunchScreen.storyboard */,
				186811681BFC44B800FC9683 /* Info.plist */,
				186811601BFC44B800FC9683 /* Downloading_An_Image_From_The_Web.xcdatamodeld */,
			);
			path = "Downloading An Image From The Web";
			sourceTree = "<group>";
		};
/* End PBXGroup section */

/* Begin PBXNativeTarget section */
		186811551BFC44B800FC9683 /* Downloading An Image From The Web */ = {
			isa = PBXNativeTarget;
			buildConfigurationList = 1868116B1BFC44B800FC9683 /* Build configuration list for PBXNativeTarget "Downloading An Image From The Web" */;
			buildPhases = (
				186811521BFC44B800FC9683 /* Sources */,
				186811531BFC44B800FC9683 /* Frameworks */,
				186811541BFC44B800FC9683 /* Resources */,
			);
			buildRules = (
			);
			dependencies = (
			);
			name = "Downloading An Image From The Web";
			productName = "Downloading An Image From The Web";
			productReference = 186811561BFC44B800FC9683 /* Downloading An Image From The Web.app */;
			productType = "com.apple.product-type.application";
		};
/* End PBXNativeTarget section */

/* Begin PBXProject section */
		1868114E1BFC44B800FC9683 /* Project object */ = {
			isa = PBXProject;
			attributes = {
				LastSwiftUpdateCheck = 0710;
				LastUpgradeCheck = 0710;
				ORGANIZATIONNAME = Pslim;
				TargetAttributes = {
					186811551BFC44B800FC9683 = {
						CreatedOnToolsVersion = 7.1.1;
					};
				};
			};
			buildConfigurationList = 186811511BFC44B800FC9683 /* Build configuration list for PBXProject "Downloading An Image From The Web" */;
			compatibilityVersion = "Xcode 3.2";
			developmentRegion = English;
			hasScannedForEncodings = 0;
			knownRegions = (
				en,
				Base,
			);
			mainGroup = 1868114D1BFC44B800FC9683;
			productRefGroup = 186811571BFC44B800FC9683 /* Products */;
			projectDirPath = "";
			projectRoot = "";
			targets = (
				186811551BFC44B800FC9683 /* Downloading An Image From The Web */,
			);
		};
/* End PBXProject section */

/* Begin PBXResourcesBuildPhase section */
		186811541BFC44B800FC9683 /* Resources */ = {
			isa = PBXResourcesBuildPhase;
			buildActionMask = 2147483647;
			files = (
				186811671BFC44B800FC9683 /* LaunchScreen.storyboard in Resources */,
				186811641BFC44B800FC9683 /* Assets.xcassets in Resources */,
				1868115F1BFC44B800FC9683 /* Main.storyboard in Resources */,
			);
			runOnlyForDeploymentPostprocessing = 0;
		};
/* End PBXResourcesBuildPhase section */

/* Begin PBXSourcesBuildPhase section */
		186811521BFC44B800FC9683 /* Sources */ = {
			isa = PBXSourcesBuildPhase;
			buildActionMask = 2147483647;
			files = (
				186811621BFC44B800FC9683 /* Downloading_An_Image_From_The_Web.xcdatamodeld in Sources */,
				1868115C1BFC44B800FC9683 /* ViewController.swift in Sources */,
				1868115A1BFC44B800FC9683 /* AppDelegate.swift in Sources */,
			);
			runOnlyForDeploymentPostprocessing = 0;
		};
/* End PBXSourcesBuildPhase section */

/* Begin PBXVariantGroup section */
		1868115D1BFC44B800FC9683 /* Main.storyboard */ = {
			isa = PBXVariantGroup;
			children = (
				1868115E1BFC44B800FC9683 /* Base */,
			);
			name = Main.storyboard;
			sourceTree = "<group>";
		};
		186811651BFC44B800FC9683 /* LaunchScreen.storyboard */ = {
			isa = PBXVariantGroup;
			children = (
				186811661BFC44B800FC9683 /* Base */,
			);
			name = LaunchScreen.storyboard;
			sourceTree = "<group>";
		};
/* End PBXVariantGroup section */

/* Begin XCBuildConfiguration section */
		186811691BFC44B800FC9683 /* Debug */ = {
			isa = XCBuildConfiguration;
			buildSettings = {
				ALWAYS_SEARCH_USER_PATHS = NO;
				CLANG_CXX_LANGUAGE_STANDARD = "gnu++0x";
				CLANG_CXX_LIBRARY = "libc++";
				CLANG_ENABLE_MODULES = YES;
				CLANG_ENABLE_OBJC_ARC = YES;
				CLANG_WARN_BOOL_CONVERSION = YES;
				CLANG_WARN_CONSTANT_CONVERSION = YES;
				CLANG_WARN_DIRECT_OBJC_ISA_USAGE = YES_ERROR;
				CLANG_WARN_EMPTY_BODY = YES;
				CLANG_WARN_ENUM_CONVERSION = YES;
				CLANG_WARN_INT_CONVERSION = YES;
				CLANG_WARN_OBJC_ROOT_CLASS = YES_ERROR;
				CLANG_WARN_UNREACHABLE_CODE = YES;
				CLANG_WARN__DUPLICATE_METHOD_MATCH = YES;
				"CODE_SIGN_IDENTITY[sdk=iphoneos*]" = "iPhone Developer";
				COPY_PHASE_STRIP = NO;
				DEBUG_INFORMATION_FORMAT = dwarf;
				ENABLE_STRICT_OBJC_MSGSEND = YES;
				ENABLE_TESTABILITY = YES;
				GCC_C_LANGUAGE_STANDARD = gnu99;
				GCC_DYNAMIC_NO_PIC = NO;
				GCC_NO_COMMON_BLOCKS = YES;
				GCC_OPTIMIZATION_LEVEL = 0;
				GCC_PREPROCESSOR_DEFINITIONS = (
					"DEBUG=1",
					"$(inherited)",
				);
				GCC_WARN_64_TO_32_BIT_CONVERSION = YES;
				GCC_WARN_ABOUT_RETURN_TYPE = YES_ERROR;
				GCC_WARN_UNDECLARED_SELECTOR = YES;
				GCC_WARN_UNINITIALIZED_AUTOS = YES_AGGRESSIVE;
				GCC_WARN_UNUSED_FUNCTION = YES;
				GCC_WARN_UNUSED_VARIABLE = YES;
				IPHONEOS_DEPLOYMENT_TARGET = 9.1;
				MTL_ENABLE_DEBUG_INFO = YES;
				ONLY_ACTIVE_ARCH = YES;
				SDKROOT = iphoneos;
				SWIFT_OPTIMIZATION_LEVEL = "-Onone";
			};
			name = Debug;
		};
		1868116A1BFC44B800FC9683 /* Release */ = {
			isa = XCBuildConfiguration;
			buildSettings = {
				ALWAYS_SEARCH_USER_PATHS = NO;
				CLANG_CXX_LANGUAGE_STANDARD = "gnu++0x";
				CLANG_CXX_LIBRARY = "libc++";
				CLANG_ENABLE_MODULES = YES;
				CLANG_ENABLE_OBJC_ARC = YES;
				CLANG_WARN_BOOL_CONVERSION = YES;
				CLANG_WARN_CONSTANT_CONVERSION = YES;
				CLANG_WARN_DIRECT_OBJC_ISA_USAGE = YES_ERROR;
				CLANG_WARN_EMPTY_BODY = YES;
				CLANG_WARN_ENUM_CONVERSION = YES;
				CLANG_WARN_INT_CONVERSION = YES;
				CLANG_WARN_OBJC_ROOT_CLASS = YES_ERROR;
				CLANG_WARN_UNREACHABLE_CODE = YES;
				CLANG_WARN__DUPLICATE_METHOD_MATCH = YES;
				"CODE_SIGN_IDENTITY[sdk=iphoneos*]" = "iPhone Developer";
				COPY_PHASE_STRIP = NO;
				DEBUG_INFORMATION_FORMAT = "dwarf-with-dsym";
				ENABLE_NS_ASSERTIONS = NO;
				ENABLE_STRICT_OBJC_MSGSEND = YES;
				GCC_C_LANGUAGE_STANDARD = gnu99;
				GCC_NO_COMMON_BLOCKS = YES;
				GCC_WARN_64_TO_32_BIT_CONVERSION = YES;
				GCC_WARN_ABOUT_RETURN_TYPE = YES_ERROR;
				GCC_WARN_UNDECLARED_SELECTOR = YES;
				GCC_WARN_UNINITIALIZED_AUTOS = YES_AGGRESSIVE;
				GCC_WARN_UNUSED_FUNCTION = YES;
				GCC_WARN_UNUSED_VARIABLE = YES;
				IPHONEOS_DEPLOYMENT_TARGET = 9.1;
				MTL_ENABLE_DEBUG_INFO = NO;
				SDKROOT = iphoneos;
				VALIDATE_PRODUCT = YES;
			};
			name = Release;
		};
		1868116C1BFC44B800FC9683 /* Debug */ = {
			isa = XCBuildConfiguration;
			buildSettings = {
				ASSETCATALOG_COMPILER_APPICON_NAME = AppIcon;
				INFOPLIST_FILE = "Downloading An Image From The Web/Info.plist";
				LD_RUNPATH_SEARCH_PATHS = "$(inherited) @executable_path/Frameworks";
				PRODUCT_BUNDLE_IDENTIFIER = "com.pslim.Downloading-An-Image-From-The-Web";
				PRODUCT_NAME = "$(TARGET_NAME)";
			};
			name = Debug;
		};
		1868116D1BFC44B800FC9683 /* Release */ = {
			isa = XCBuildConfiguration;
			buildSettings = {
				ASSETCATALOG_COMPILER_APPICON_NAME = AppIcon;
				INFOPLIST_FILE = "Downloading An Image From The Web/Info.plist";
				LD_RUNPATH_SEARCH_PATHS = "$(inherited) @executable_path/Frameworks";
				PRODUCT_BUNDLE_IDENTIFIER = "com.pslim.Downloading-An-Image-From-The-Web";
				PRODUCT_NAME = "$(TARGET_NAME)";
			};
			name = Release;
		};
/* End XCBuildConfiguration section */

/* Begin XCConfigurationList section */
		186811511BFC44B800FC9683 /* Build configuration list for PBXProject "Downloading An Image From The Web" */ = {
			isa = XCConfigurationList;
			buildConfigurations = (
				186811691BFC44B800FC9683 /* Debug */,
				1868116A1BFC44B800FC9683 /* Release */,
			);
			defaultConfigurationIsVisible = 0;
			defaultConfigurationName = Release;
		};
		1868116B1BFC44B800FC9683 /* Build configuration list for PBXNativeTarget "Downloading An Image From The Web" */ = {
			isa = XCConfigurationList;
			buildConfigurations = (
				1868116C1BFC44B800FC9683 /* Debug */,
				1868116D1BFC44B800FC9683 /* Release */,
			);
			defaultConfigurationIsVisible = 0;
		};
/* End XCConfigurationList section */

/* Begin XCVersionGroup section */
		186811601BFC44B800FC9683 /* Downloading_An_Image_From_The_Web.xcdatamodeld */ = {
			isa = XCVersionGroup;
			children = (
				186811611BFC44B800FC9683 /* Downloading_An_Image_From_The_Web.xcdatamodel */,
			);
			currentVersion = 186811611BFC44B800FC9683 /* Downloading_An_Image_From_The_Web.xcdatamodel */;
			path = Downloading_An_Image_From_The_Web.xcdatamodeld;
			sourceTree = "<group>";
			versionGroupType = wrapper.xcdatamodel;
		};
/* End XCVersionGroup section */
	};
	rootObject = 1868114E1BFC44B800FC9683 /* Project object */;
}
