// !$*UTF8*$!
{
	archiveVersion = 1;
	classes = {
	};
	objectVersion = 46;
	objects = {

/* Begin PBXBuildFile section */
		18ED6B981BE6D53600224A81 /* AppDelegate.swift in Sources */ = {isa = PBXBuildFile; fileRef = 18ED6B971BE6D53600224A81 /* AppDelegate.swift */; };
		18ED6B9A1BE6D53600224A81 /* ViewController.swift in Sources */ = {isa = PBXBuildFile; fileRef = 18ED6B991BE6D53600224A81 /* ViewController.swift */; };
		18ED6B9D1BE6D53600224A81 /* Main.storyboard in Resources */ = {isa = PBXBuildFile; fileRef = 18ED6B9B1BE6D53600224A81 /* Main.storyboard */; };
		18ED6B9F1BE6D53600224A81 /* Assets.xcassets in Resources */ = {isa = PBXBuildFile; fileRef = 18ED6B9E1BE6D53600224A81 /* Assets.xcassets */; };
		18ED6BA21BE6D53600224A81 /* LaunchScreen.storyboard in Resources */ = {isa = PBXBuildFile; fileRef = 18ED6BA01BE6D53600224A81 /* LaunchScreen.storyboard */; };
		18ED6BAA1BE6DA9A00224A81 /* CoreLocation.framework in Frameworks */ = {isa = PBXBuildFile; fileRef = 18ED6BA91BE6DA9A00224A81 /* CoreLocation.framework */; };
/* End PBXBuildFile section */

/* Begin PBXFileReference section */
		18ED6B941BE6D53600224A81 /* Map Demo.app */ = {isa = PBXFileReference; explicitFileType = wrapper.application; includeInIndex = 0; path = "Map Demo.app"; sourceTree = BUILT_PRODUCTS_DIR; };
		18ED6B971BE6D53600224A81 /* AppDelegate.swift */ = {isa = PBXFileReference; lastKnownFileType = sourcecode.swift; path = AppDelegate.swift; sourceTree = "<group>"; };
		18ED6B991BE6D53600224A81 /* ViewController.swift */ = {isa = PBXFileReference; lastKnownFileType = sourcecode.swift; path = ViewController.swift; sourceTree = "<group>"; };
		18ED6B9C1BE6D53600224A81 /* Base */ = {isa = PBXFileReference; lastKnownFileType = file.storyboard; name = Base; path = Base.lproj/Main.storyboard; sourceTree = "<group>"; };
		18ED6B9E1BE6D53600224A81 /* Assets.xcassets */ = {isa = PBXFileReference; lastKnownFileType = folder.assetcatalog; path = Assets.xcassets; sourceTree = "<group>"; };
		18ED6BA11BE6D53600224A81 /* Base */ = {isa = PBXFileReference; lastKnownFileType = file.storyboard; name = Base; path = Base.lproj/LaunchScreen.storyboard; sourceTree = "<group>"; };
		18ED6BA31BE6D53600224A81 /* Info.plist */ = {isa = PBXFileReference; lastKnownFileType = text.plist.xml; path = Info.plist; sourceTree = "<group>"; };
		18ED6BA91BE6DA9A00224A81 /* CoreLocation.framework */ = {isa = PBXFileReference; lastKnownFileType = wrapper.framework; name = CoreLocation.framework; path = System/Library/Frameworks/CoreLocation.framework; sourceTree = SDKROOT; };
/* End PBXFileReference section */

/* Begin PBXFrameworksBuildPhase section */
		18ED6B911BE6D53600224A81 /* Frameworks */ = {
			isa = PBXFrameworksBuildPhase;
			buildActionMask = 2147483647;
			files = (
				18ED6BAA1BE6DA9A00224A81 /* CoreLocation.framework in Frameworks */,
			);
			runOnlyForDeploymentPostprocessing = 0;
		};
/* End PBXFrameworksBuildPhase section */

/* Begin PBXGroup section */
		18ED6B8B1BE6D53600224A81 = {
			isa = PBXGroup;
			children = (
				18ED6BA91BE6DA9A00224A81 /* CoreLocation.framework */,
				18ED6B961BE6D53600224A81 /* Map Demo */,
				18ED6B951BE6D53600224A81 /* Products */,
			);
			sourceTree = "<group>";
		};
		18ED6B951BE6D53600224A81 /* Products */ = {
			isa = PBXGroup;
			children = (
				18ED6B941BE6D53600224A81 /* Map Demo.app */,
			);
			name = Products;
			sourceTree = "<group>";
		};
		18ED6B961BE6D53600224A81 /* Map Demo */ = {
			isa = PBXGroup;
			children = (
				18ED6B971BE6D53600224A81 /* AppDelegate.swift */,
				18ED6B991BE6D53600224A81 /* ViewController.swift */,
				18ED6B9B1BE6D53600224A81 /* Main.storyboard */,
				18ED6B9E1BE6D53600224A81 /* Assets.xcassets */,
				18ED6BA01BE6D53600224A81 /* LaunchScreen.storyboard */,
				18ED6BA31BE6D53600224A81 /* Info.plist */,
			);
			path = "Map Demo";
			sourceTree = "<group>";
		};
/* End PBXGroup section */

/* Begin PBXNativeTarget section */
		18ED6B931BE6D53600224A81 /* Map Demo */ = {
			isa = PBXNativeTarget;
			buildConfigurationList = 18ED6BA61BE6D53600224A81 /* Build configuration list for PBXNativeTarget "Map Demo" */;
			buildPhases = (
				18ED6B901BE6D53600224A81 /* Sources */,
				18ED6B911BE6D53600224A81 /* Frameworks */,
				18ED6B921BE6D53600224A81 /* Resources */,
			);
			buildRules = (
			);
			dependencies = (
			);
			name = "Map Demo";
			productName = "Map Demo";
			productReference = 18ED6B941BE6D53600224A81 /* Map Demo.app */;
			productType = "com.apple.product-type.application";
		};
/* End PBXNativeTarget section */

/* Begin PBXProject section */
		18ED6B8C1BE6D53600224A81 /* Project object */ = {
			isa = PBXProject;
			attributes = {
				LastSwiftUpdateCheck = 0710;
				LastUpgradeCheck = 0710;
				ORGANIZATIONNAME = Pslim;
				TargetAttributes = {
					18ED6B931BE6D53600224A81 = {
						CreatedOnToolsVersion = 7.1;
					};
				};
			};
			buildConfigurationList = 18ED6B8F1BE6D53600224A81 /* Build configuration list for PBXProject "Map Demo" */;
			compatibilityVersion = "Xcode 3.2";
			developmentRegion = English;
			hasScannedForEncodings = 0;
			knownRegions = (
				en,
				Base,
			);
			mainGroup = 18ED6B8B1BE6D53600224A81;
			productRefGroup = 18ED6B951BE6D53600224A81 /* Products */;
			projectDirPath = "";
			projectRoot = "";
			targets = (
				18ED6B931BE6D53600224A81 /* Map Demo */,
			);
		};
/* End PBXProject section */

/* Begin PBXResourcesBuildPhase section */
		18ED6B921BE6D53600224A81 /* Resources */ = {
			isa = PBXResourcesBuildPhase;
			buildActionMask = 2147483647;
			files = (
				18ED6BA21BE6D53600224A81 /* LaunchScreen.storyboard in Resources */,
				18ED6B9F1BE6D53600224A81 /* Assets.xcassets in Resources */,
				18ED6B9D1BE6D53600224A81 /* Main.storyboard in Resources */,
			);
			runOnlyForDeploymentPostprocessing = 0;
		};
/* End PBXResourcesBuildPhase section */

/* Begin PBXSourcesBuildPhase section */
		18ED6B901BE6D53600224A81 /* Sources */ = {
			isa = PBXSourcesBuildPhase;
			buildActionMask = 2147483647;
			files = (
				18ED6B9A1BE6D53600224A81 /* ViewController.swift in Sources */,
				18ED6B981BE6D53600224A81 /* AppDelegate.swift in Sources */,
			);
			runOnlyForDeploymentPostprocessing = 0;
		};
/* End PBXSourcesBuildPhase section */

/* Begin PBXVariantGroup section */
		18ED6B9B1BE6D53600224A81 /* Main.storyboard */ = {
			isa = PBXVariantGroup;
			children = (
				18ED6B9C1BE6D53600224A81 /* Base */,
			);
			name = Main.storyboard;
			sourceTree = "<group>";
		};
		18ED6BA01BE6D53600224A81 /* LaunchScreen.storyboard */ = {
			isa = PBXVariantGroup;
			children = (
				18ED6BA11BE6D53600224A81 /* Base */,
			);
			name = LaunchScreen.storyboard;
			sourceTree = "<group>";
		};
/* End PBXVariantGroup section */

/* Begin XCBuildConfiguration section */
		18ED6BA41BE6D53600224A81 /* Debug */ = {
			isa = XCBuildConfiguration;
			buildSettings = {
				ALWAYS_SEARCH_USER_PATHS = NO;
				CLANG_CXX_LANGUAGE_STANDARD = "gnu++0x";
				CLANG_CXX_LIBRARY = "libc++";
				CLANG_ENABLE_MODULES = YES;
				CLANG_ENABLE_OBJC_ARC = YES;
				CLANG_WARN_BOOL_CONVERSION = YES;
				CLANG_WARN_CONSTANT_CONVERSION = YES;
				CLANG_WARN_DIRECT_OBJC_ISA_USAGE = YES_ERROR;
				CLANG_WARN_EMPTY_BODY = YES;
				CLANG_WARN_ENUM_CONVERSION = YES;
				CLANG_WARN_INT_CONVERSION = YES;
				CLANG_WARN_OBJC_ROOT_CLASS = YES_ERROR;
				CLANG_WARN_UNREACHABLE_CODE = YES;
				CLANG_WARN__DUPLICATE_METHOD_MATCH = YES;
				"CODE_SIGN_IDENTITY[sdk=iphoneos*]" = "iPhone Developer";
				COPY_PHASE_STRIP = NO;
				DEBUG_INFORMATION_FORMAT = dwarf;
				ENABLE_STRICT_OBJC_MSGSEND = YES;
				ENABLE_TESTABILITY = YES;
				GCC_C_LANGUAGE_STANDARD = gnu99;
				GCC_DYNAMIC_NO_PIC = NO;
				GCC_NO_COMMON_BLOCKS = YES;
				GCC_OPTIMIZATION_LEVEL = 0;
				GCC_PREPROCESSOR_DEFINITIONS = (
					"DEBUG=1",
					"$(inherited)",
				);
				GCC_WARN_64_TO_32_BIT_CONVERSION = YES;
				GCC_WARN_ABOUT_RETURN_TYPE = YES_ERROR;
				GCC_WARN_UNDECLARED_SELECTOR = YES;
				GCC_WARN_UNINITIALIZED_AUTOS = YES_AGGRESSIVE;
				GCC_WARN_UNUSED_FUNCTION = YES;
				GCC_WARN_UNUSED_VARIABLE = YES;
				IPHONEOS_DEPLOYMENT_TARGET = 9.1;
				MTL_ENABLE_DEBUG_INFO = YES;
				ONLY_ACTIVE_ARCH = YES;
				SDKROOT = iphoneos;
				SWIFT_OPTIMIZATION_LEVEL = "-Onone";
			};
			name = Debug;
		};
		18ED6BA51BE6D53600224A81 /* Release */ = {
			isa = XCBuildConfiguration;
			buildSettings = {
				ALWAYS_SEARCH_USER_PATHS = NO;
				CLANG_CXX_LANGUAGE_STANDARD = "gnu++0x";
				CLANG_CXX_LIBRARY = "libc++";
				CLANG_ENABLE_MODULES = YES;
				CLANG_ENABLE_OBJC_ARC = YES;
				CLANG_WARN_BOOL_CONVERSION = YES;
				CLANG_WARN_CONSTANT_CONVERSION = YES;
				CLANG_WARN_DIRECT_OBJC_ISA_USAGE = YES_ERROR;
				CLANG_WARN_EMPTY_BODY = YES;
				CLANG_WARN_ENUM_CONVERSION = YES;
				CLANG_WARN_INT_CONVERSION = YES;
				CLANG_WARN_OBJC_ROOT_CLASS = YES_ERROR;
				CLANG_WARN_UNREACHABLE_CODE = YES;
				CLANG_WARN__DUPLICATE_METHOD_MATCH = YES;
				"CODE_SIGN_IDENTITY[sdk=iphoneos*]" = "iPhone Developer";
				COPY_PHASE_STRIP = NO;
				DEBUG_INFORMATION_FORMAT = "dwarf-with-dsym";
				ENABLE_NS_ASSERTIONS = NO;
				ENABLE_STRICT_OBJC_MSGSEND = YES;
				GCC_C_LANGUAGE_STANDARD = gnu99;
				GCC_NO_COMMON_BLOCKS = YES;
				GCC_WARN_64_TO_32_BIT_CONVERSION = YES;
				GCC_WARN_ABOUT_RETURN_TYPE = YES_ERROR;
				GCC_WARN_UNDECLARED_SELECTOR = YES;
				GCC_WARN_UNINITIALIZED_AUTOS = YES_AGGRESSIVE;
				GCC_WARN_UNUSED_FUNCTION = YES;
				GCC_WARN_UNUSED_VARIABLE = YES;
				IPHONEOS_DEPLOYMENT_TARGET = 9.1;
				MTL_ENABLE_DEBUG_INFO = NO;
				SDKROOT = iphoneos;
				VALIDATE_PRODUCT = YES;
			};
			name = Release;
		};
		18ED6BA71BE6D53600224A81 /* Debug */ = {
			isa = XCBuildConfiguration;
			buildSettings = {
				ASSETCATALOG_COMPILER_APPICON_NAME = AppIcon;
				INFOPLIST_FILE = "Map Demo/Info.plist";
				LD_RUNPATH_SEARCH_PATHS = "$(inherited) @executable_path/Frameworks";
				PRODUCT_BUNDLE_IDENTIFIER = "com.pslim.Map-Demo";
				PRODUCT_NAME = "$(TARGET_NAME)";
			};
			name = Debug;
		};
		18ED6BA81BE6D53600224A81 /* Release */ = {
			isa = XCBuildConfiguration;
			buildSettings = {
				ASSETCATALOG_COMPILER_APPICON_NAME = AppIcon;
				INFOPLIST_FILE = "Map Demo/Info.plist";
				LD_RUNPATH_SEARCH_PATHS = "$(inherited) @executable_path/Frameworks";
				PRODUCT_BUNDLE_IDENTIFIER = "com.pslim.Map-Demo";
				PRODUCT_NAME = "$(TARGET_NAME)";
			};
			name = Release;
		};
/* End XCBuildConfiguration section */

/* Begin XCConfigurationList section */
		18ED6B8F1BE6D53600224A81 /* Build configuration list for PBXProject "Map Demo" */ = {
			isa = XCConfigurationList;
			buildConfigurations = (
				18ED6BA41BE6D53600224A81 /* Debug */,
				18ED6BA51BE6D53600224A81 /* Release */,
			);
			defaultConfigurationIsVisible = 0;
			defaultConfigurationName = Release;
		};
		18ED6BA61BE6D53600224A81 /* Build configuration list for PBXNativeTarget "Map Demo" */ = {
			isa = XCConfigurationList;
			buildConfigurations = (
				18ED6BA71BE6D53600224A81 /* Debug */,
				18ED6BA81BE6D53600224A81 /* Release */,
			);
			defaultConfigurationIsVisible = 0;
		};
/* End XCConfigurationList section */
	};
	rootObject = 18ED6B8C1BE6D53600224A81 /* Project object */;
}
