// !$*UTF8*$!
{
	archiveVersion = 1;
	classes = {
	};
	objectVersion = 46;
	objects = {

/* Begin PBXBuildFile section */
		1829EF0E1BE6F7220070262F /* AppDelegate.swift in Sources */ = {isa = PBXBuildFile; fileRef = 1829EF0D1BE6F7220070262F /* AppDelegate.swift */; };
		1829EF101BE6F7220070262F /* ViewController.swift in Sources */ = {isa = PBXBuildFile; fileRef = 1829EF0F1BE6F7220070262F /* ViewController.swift */; };
		1829EF131BE6F7220070262F /* Main.storyboard in Resources */ = {isa = PBXBuildFile; fileRef = 1829EF111BE6F7220070262F /* Main.storyboard */; };
		1829EF151BE6F7220070262F /* Assets.xcassets in Resources */ = {isa = PBXBuildFile; fileRef = 1829EF141BE6F7220070262F /* Assets.xcassets */; };
		1829EF181BE6F7220070262F /* LaunchScreen.storyboard in Resources */ = {isa = PBXBuildFile; fileRef = 1829EF161BE6F7220070262F /* LaunchScreen.storyboard */; };
		1829EF201BE6F7E10070262F /* TableViewController.swift in Sources */ = {isa = PBXBuildFile; fileRef = 1829EF1F1BE6F7E10070262F /* TableViewController.swift */; };
/* End PBXBuildFile section */

/* Begin PBXFileReference section */
		1829EF0A1BE6F7220070262F /* Advanced Segues.app */ = {isa = PBXFileReference; explicitFileType = wrapper.application; includeInIndex = 0; path = "Advanced Segues.app"; sourceTree = BUILT_PRODUCTS_DIR; };
		1829EF0D1BE6F7220070262F /* AppDelegate.swift */ = {isa = PBXFileReference; lastKnownFileType = sourcecode.swift; path = AppDelegate.swift; sourceTree = "<group>"; };
		1829EF0F1BE6F7220070262F /* ViewController.swift */ = {isa = PBXFileReference; lastKnownFileType = sourcecode.swift; path = ViewController.swift; sourceTree = "<group>"; };
		1829EF121BE6F7220070262F /* Base */ = {isa = PBXFileReference; lastKnownFileType = file.storyboard; name = Base; path = Base.lproj/Main.storyboard; sourceTree = "<group>"; };
		1829EF141BE6F7220070262F /* Assets.xcassets */ = {isa = PBXFileReference; lastKnownFileType = folder.assetcatalog; path = Assets.xcassets; sourceTree = "<group>"; };
		1829EF171BE6F7220070262F /* Base */ = {isa = PBXFileReference; lastKnownFileType = file.storyboard; name = Base; path = Base.lproj/LaunchScreen.storyboard; sourceTree = "<group>"; };
		1829EF191BE6F7220070262F /* Info.plist */ = {isa = PBXFileReference; lastKnownFileType = text.plist.xml; path = Info.plist; sourceTree = "<group>"; };
		1829EF1F1BE6F7E10070262F /* TableViewController.swift */ = {isa = PBXFileReference; fileEncoding = 4; lastKnownFileType = sourcecode.swift; path = TableViewController.swift; sourceTree = "<group>"; };
/* End PBXFileReference section */

/* Begin PBXFrameworksBuildPhase section */
		1829EF071BE6F7220070262F /* Frameworks */ = {
			isa = PBXFrameworksBuildPhase;
			buildActionMask = 2147483647;
			files = (
			);
			runOnlyForDeploymentPostprocessing = 0;
		};
/* End PBXFrameworksBuildPhase section */

/* Begin PBXGroup section */
		1829EF011BE6F7220070262F = {
			isa = PBXGroup;
			children = (
				1829EF0C1BE6F7220070262F /* Advanced Segues */,
				1829EF0B1BE6F7220070262F /* Products */,
			);
			sourceTree = "<group>";
		};
		1829EF0B1BE6F7220070262F /* Products */ = {
			isa = PBXGroup;
			children = (
				1829EF0A1BE6F7220070262F /* Advanced Segues.app */,
			);
			name = Products;
			sourceTree = "<group>";
		};
		1829EF0C1BE6F7220070262F /* Advanced Segues */ = {
			isa = PBXGroup;
			children = (
				1829EF0D1BE6F7220070262F /* AppDelegate.swift */,
				1829EF0F1BE6F7220070262F /* ViewController.swift */,
				1829EF1F1BE6F7E10070262F /* TableViewController.swift */,
				1829EF111BE6F7220070262F /* Main.storyboard */,
				1829EF141BE6F7220070262F /* Assets.xcassets */,
				1829EF161BE6F7220070262F /* LaunchScreen.storyboard */,
				1829EF191BE6F7220070262F /* Info.plist */,
			);
			path = "Advanced Segues";
			sourceTree = "<group>";
		};
/* End PBXGroup section */

/* Begin PBXNativeTarget section */
		1829EF091BE6F7220070262F /* Advanced Segues */ = {
			isa = PBXNativeTarget;
			buildConfigurationList = 1829EF1C1BE6F7220070262F /* Build configuration list for PBXNativeTarget "Advanced Segues" */;
			buildPhases = (
				1829EF061BE6F7220070262F /* Sources */,
				1829EF071BE6F7220070262F /* Frameworks */,
				1829EF081BE6F7220070262F /* Resources */,
			);
			buildRules = (
			);
			dependencies = (
			);
			name = "Advanced Segues";
			productName = "Advanced Segues";
			productReference = 1829EF0A1BE6F7220070262F /* Advanced Segues.app */;
			productType = "com.apple.product-type.application";
		};
/* End PBXNativeTarget section */

/* Begin PBXProject section */
		1829EF021BE6F7220070262F /* Project object */ = {
			isa = PBXProject;
			attributes = {
				LastSwiftUpdateCheck = 0710;
				LastUpgradeCheck = 0710;
				ORGANIZATIONNAME = Pslim;
				TargetAttributes = {
					1829EF091BE6F7220070262F = {
						CreatedOnToolsVersion = 7.1;
					};
				};
			};
			buildConfigurationList = 1829EF051BE6F7220070262F /* Build configuration list for PBXProject "Advanced Segues" */;
			compatibilityVersion = "Xcode 3.2";
			developmentRegion = English;
			hasScannedForEncodings = 0;
			knownRegions = (
				en,
				Base,
			);
			mainGroup = 1829EF011BE6F7220070262F;
			productRefGroup = 1829EF0B1BE6F7220070262F /* Products */;
			projectDirPath = "";
			projectRoot = "";
			targets = (
				1829EF091BE6F7220070262F /* Advanced Segues */,
			);
		};
/* End PBXProject section */

/* Begin PBXResourcesBuildPhase section */
		1829EF081BE6F7220070262F /* Resources */ = {
			isa = PBXResourcesBuildPhase;
			buildActionMask = 2147483647;
			files = (
				1829EF181BE6F7220070262F /* LaunchScreen.storyboard in Resources */,
				1829EF151BE6F7220070262F /* Assets.xcassets in Resources */,
				1829EF131BE6F7220070262F /* Main.storyboard in Resources */,
			);
			runOnlyForDeploymentPostprocessing = 0;
		};
/* End PBXResourcesBuildPhase section */

/* Begin PBXSourcesBuildPhase section */
		1829EF061BE6F7220070262F /* Sources */ = {
			isa = PBXSourcesBuildPhase;
			buildActionMask = 2147483647;
			files = (
				1829EF101BE6F7220070262F /* ViewController.swift in Sources */,
				1829EF201BE6F7E10070262F /* TableViewController.swift in Sources */,
				1829EF0E1BE6F7220070262F /* AppDelegate.swift in Sources */,
			);
			runOnlyForDeploymentPostprocessing = 0;
		};
/* End PBXSourcesBuildPhase section */

/* Begin PBXVariantGroup section */
		1829EF111BE6F7220070262F /* Main.storyboard */ = {
			isa = PBXVariantGroup;
			children = (
				1829EF121BE6F7220070262F /* Base */,
			);
			name = Main.storyboard;
			sourceTree = "<group>";
		};
		1829EF161BE6F7220070262F /* LaunchScreen.storyboard */ = {
			isa = PBXVariantGroup;
			children = (
				1829EF171BE6F7220070262F /* Base */,
			);
			name = LaunchScreen.storyboard;
			sourceTree = "<group>";
		};
/* End PBXVariantGroup section */

/* Begin XCBuildConfiguration section */
		1829EF1A1BE6F7220070262F /* Debug */ = {
			isa = XCBuildConfiguration;
			buildSettings = {
				ALWAYS_SEARCH_USER_PATHS = NO;
				CLANG_CXX_LANGUAGE_STANDARD = "gnu++0x";
				CLANG_CXX_LIBRARY = "libc++";
				CLANG_ENABLE_MODULES = YES;
				CLANG_ENABLE_OBJC_ARC = YES;
				CLANG_WARN_BOOL_CONVERSION = YES;
				CLANG_WARN_CONSTANT_CONVERSION = YES;
				CLANG_WARN_DIRECT_OBJC_ISA_USAGE = YES_ERROR;
				CLANG_WARN_EMPTY_BODY = YES;
				CLANG_WARN_ENUM_CONVERSION = YES;
				CLANG_WARN_INT_CONVERSION = YES;
				CLANG_WARN_OBJC_ROOT_CLASS = YES_ERROR;
				CLANG_WARN_UNREACHABLE_CODE = YES;
				CLANG_WARN__DUPLICATE_METHOD_MATCH = YES;
				"CODE_SIGN_IDENTITY[sdk=iphoneos*]" = "iPhone Developer";
				COPY_PHASE_STRIP = NO;
				DEBUG_INFORMATION_FORMAT = dwarf;
				ENABLE_STRICT_OBJC_MSGSEND = YES;
				ENABLE_TESTABILITY = YES;
				GCC_C_LANGUAGE_STANDARD = gnu99;
				GCC_DYNAMIC_NO_PIC = NO;
				GCC_NO_COMMON_BLOCKS = YES;
				GCC_OPTIMIZATION_LEVEL = 0;
				GCC_PREPROCESSOR_DEFINITIONS = (
					"DEBUG=1",
					"$(inherited)",
				);
				GCC_WARN_64_TO_32_BIT_CONVERSION = YES;
				GCC_WARN_ABOUT_RETURN_TYPE = YES_ERROR;
				GCC_WARN_UNDECLARED_SELECTOR = YES;
				GCC_WARN_UNINITIALIZED_AUTOS = YES_AGGRESSIVE;
				GCC_WARN_UNUSED_FUNCTION = YES;
				GCC_WARN_UNUSED_VARIABLE = YES;
				IPHONEOS_DEPLOYMENT_TARGET = 9.1;
				MTL_ENABLE_DEBUG_INFO = YES;
				ONLY_ACTIVE_ARCH = YES;
				SDKROOT = iphoneos;
				SWIFT_OPTIMIZATION_LEVEL = "-Onone";
			};
			name = Debug;
		};
		1829EF1B1BE6F7220070262F /* Release */ = {
			isa = XCBuildConfiguration;
			buildSettings = {
				ALWAYS_SEARCH_USER_PATHS = NO;
				CLANG_CXX_LANGUAGE_STANDARD = "gnu++0x";
				CLANG_CXX_LIBRARY = "libc++";
				CLANG_ENABLE_MODULES = YES;
				CLANG_ENABLE_OBJC_ARC = YES;
				CLANG_WARN_BOOL_CONVERSION = YES;
				CLANG_WARN_CONSTANT_CONVERSION = YES;
				CLANG_WARN_DIRECT_OBJC_ISA_USAGE = YES_ERROR;
				CLANG_WARN_EMPTY_BODY = YES;
				CLANG_WARN_ENUM_CONVERSION = YES;
				CLANG_WARN_INT_CONVERSION = YES;
				CLANG_WARN_OBJC_ROOT_CLASS = YES_ERROR;
				CLANG_WARN_UNREACHABLE_CODE = YES;
				CLANG_WARN__DUPLICATE_METHOD_MATCH = YES;
				"CODE_SIGN_IDENTITY[sdk=iphoneos*]" = "iPhone Developer";
				COPY_PHASE_STRIP = NO;
				DEBUG_INFORMATION_FORMAT = "dwarf-with-dsym";
				ENABLE_NS_ASSERTIONS = NO;
				ENABLE_STRICT_OBJC_MSGSEND = YES;
				GCC_C_LANGUAGE_STANDARD = gnu99;
				GCC_NO_COMMON_BLOCKS = YES;
				GCC_WARN_64_TO_32_BIT_CONVERSION = YES;
				GCC_WARN_ABOUT_RETURN_TYPE = YES_ERROR;
				GCC_WARN_UNDECLARED_SELECTOR = YES;
				GCC_WARN_UNINITIALIZED_AUTOS = YES_AGGRESSIVE;
				GCC_WARN_UNUSED_FUNCTION = YES;
				GCC_WARN_UNUSED_VARIABLE = YES;
				IPHONEOS_DEPLOYMENT_TARGET = 9.1;
				MTL_ENABLE_DEBUG_INFO = NO;
				SDKROOT = iphoneos;
				VALIDATE_PRODUCT = YES;
			};
			name = Release;
		};
		1829EF1D1BE6F7220070262F /* Debug */ = {
			isa = XCBuildConfiguration;
			buildSettings = {
				ASSETCATALOG_COMPILER_APPICON_NAME = AppIcon;
				INFOPLIST_FILE = "Advanced Segues/Info.plist";
				LD_RUNPATH_SEARCH_PATHS = "$(inherited) @executable_path/Frameworks";
				PRODUCT_BUNDLE_IDENTIFIER = "com.pslim.Advanced-Segues";
				PRODUCT_NAME = "$(TARGET_NAME)";
			};
			name = Debug;
		};
		1829EF1E1BE6F7220070262F /* Release */ = {
			isa = XCBuildConfiguration;
			buildSettings = {
				ASSETCATALOG_COMPILER_APPICON_NAME = AppIcon;
				INFOPLIST_FILE = "Advanced Segues/Info.plist";
				LD_RUNPATH_SEARCH_PATHS = "$(inherited) @executable_path/Frameworks";
				PRODUCT_BUNDLE_IDENTIFIER = "com.pslim.Advanced-Segues";
				PRODUCT_NAME = "$(TARGET_NAME)";
			};
			name = Release;
		};
/* End XCBuildConfiguration section */

/* Begin XCConfigurationList section */
		1829EF051BE6F7220070262F /* Build configuration list for PBXProject "Advanced Segues" */ = {
			isa = XCConfigurationList;
			buildConfigurations = (
				1829EF1A1BE6F7220070262F /* Debug */,
				1829EF1B1BE6F7220070262F /* Release */,
			);
			defaultConfigurationIsVisible = 0;
			defaultConfigurationName = Release;
		};
		1829EF1C1BE6F7220070262F /* Build configuration list for PBXNativeTarget "Advanced Segues" */ = {
			isa = XCConfigurationList;
			buildConfigurations = (
				1829EF1D1BE6F7220070262F /* Debug */,
				1829EF1E1BE6F7220070262F /* Release */,
			);
			defaultConfigurationIsVisible = 0;
		};
/* End XCConfigurationList section */
	};
	rootObject = 1829EF021BE6F7220070262F /* Project object */;
}
